
Microsoft Visual Studio Solution File, Format Version 12.00
# Visual Studio Version 16
VisualStudioVersion = 16.0.30413.136
MinimumVisualStudioVersion = 10.0.40219.1
Project("{FAE04EC0-301F-11D3-BF4B-00C04F79EFBC}") = "PersonalCars", "PersonalCars\PersonalCars.csproj", "{ADD42F51-D52E-409B-90C0-05B71933768D}"
EndProject
Global
	GlobalSection(SolutionConfigurationPlatforms) = preSolution
		Debug|Any CPU = Debug|Any CPU
		Release|Any CPU = Release|Any CPU
	EndGlobalSection
	GlobalSection(ProjectConfigurationPlatforms) = postSolution
		{ADD42F51-D52E-409B-90C0-05B71933768D}.Debug|Any CPU.ActiveCfg = Debug|Any CPU
		{ADD42F51-D52E-409B-90C0-05B71933768D}.Debug|Any CPU.Build.0 = Debug|Any CPU
		{ADD42F51-D52E-409B-90C0-05B71933768D}.Release|Any CPU.ActiveCfg = Release|Any CPU
		{ADD42F51-D52E-409B-90C0-05B71933768D}.Release|Any CPU.Build.0 = Release|Any CPU
	EndGlobalSection
	GlobalSection(SolutionProperties) = preSolution
		HideSolutionNode = FALSE
	EndGlobalSection
	GlobalSection(ExtensibilityGlobals) = postSolution
		SolutionGuid = {39574920-4980-41C0-BF9D-23375413527C}
	EndGlobalSection
EndGlobal
